
Microsoft Visual Studio Solution File, Format Version 12.00
# Visual Studio 15
Project("{FAE04EC0-301F-11D3-BF4B-00C04F79EFBC}") = "MasterDetailShadow.Android", "MasterDetailShadow.Android\MasterDetailShadow.Android.csproj", "{3B18033C-199E-492E-AE76-7A28847575E1}"
EndProject
Project("{FAE04EC0-301F-11D3-BF4B-00C04F79EFBC}") = "MasterDetailShadow.iOS", "MasterDetailShadow.iOS\MasterDetailShadow.iOS.csproj", "{4D0DC205-8A76-4227-82DE-FC5CFAA48FA4}"
EndProject
Project("{FAE04EC0-301F-11D3-BF4B-00C04F79EFBC}") = "MasterDetailShadow", "MasterDetailShadow\MasterDetailShadow.csproj", "{28021675-3863-452B-A095-EF6938B14E73}"
EndProject
Global
	GlobalSection(SolutionConfigurationPlatforms) = preSolution
		Debug|Any CPU = Debug|Any CPU
		Release|Any CPU = Release|Any CPU
		Debug|iPhoneSimulator = Debug|iPhoneSimulator
		Release|iPhoneSimulator = Release|iPhoneSimulator
		Debug|iPhone = Debug|iPhone
		Release|iPhone = Release|iPhone
	EndGlobalSection
	GlobalSection(ProjectConfigurationPlatforms) = postSolution
		{3B18033C-199E-492E-AE76-7A28847575E1}.Debug|Any CPU.ActiveCfg = Debug|Any CPU
		{3B18033C-199E-492E-AE76-7A28847575E1}.Debug|Any CPU.Build.0 = Debug|Any CPU
		{3B18033C-199E-492E-AE76-7A28847575E1}.Release|Any CPU.ActiveCfg = Release|Any CPU
		{3B18033C-199E-492E-AE76-7A28847575E1}.Release|Any CPU.Build.0 = Release|Any CPU
		{3B18033C-199E-492E-AE76-7A28847575E1}.Debug|iPhoneSimulator.ActiveCfg = Debug|Any CPU
		{3B18033C-199E-492E-AE76-7A28847575E1}.Debug|iPhoneSimulator.Build.0 = Debug|Any CPU
		{3B18033C-199E-492E-AE76-7A28847575E1}.Release|iPhoneSimulator.ActiveCfg = Release|Any CPU
		{3B18033C-199E-492E-AE76-7A28847575E1}.Release|iPhoneSimulator.Build.0 = Release|Any CPU
		{3B18033C-199E-492E-AE76-7A28847575E1}.Debug|iPhone.ActiveCfg = Debug|Any CPU
		{3B18033C-199E-492E-AE76-7A28847575E1}.Debug|iPhone.Build.0 = Debug|Any CPU
		{3B18033C-199E-492E-AE76-7A28847575E1}.Release|iPhone.ActiveCfg = Release|Any CPU
		{3B18033C-199E-492E-AE76-7A28847575E1}.Release|iPhone.Build.0 = Release|Any CPU
		{4D0DC205-8A76-4227-82DE-FC5CFAA48FA4}.Debug|Any CPU.ActiveCfg = Debug|iPhoneSimulator
		{4D0DC205-8A76-4227-82DE-FC5CFAA48FA4}.Debug|Any CPU.Build.0 = Debug|iPhoneSimulator
		{4D0DC205-8A76-4227-82DE-FC5CFAA48FA4}.Release|Any CPU.ActiveCfg = Release|iPhoneSimulator
		{4D0DC205-8A76-4227-82DE-FC5CFAA48FA4}.Release|Any CPU.Build.0 = Release|iPhoneSimulator
		{4D0DC205-8A76-4227-82DE-FC5CFAA48FA4}.Debug|iPhoneSimulator.ActiveCfg = Debug|iPhoneSimulator
		{4D0DC205-8A76-4227-82DE-FC5CFAA48FA4}.Debug|iPhoneSimulator.Build.0 = Debug|iPhoneSimulator
		{4D0DC205-8A76-4227-82DE-FC5CFAA48FA4}.Release|iPhoneSimulator.ActiveCfg = Release|iPhoneSimulator
		{4D0DC205-8A76-4227-82DE-FC5CFAA48FA4}.Release|iPhoneSimulator.Build.0 = Release|iPhoneSimulator
		{4D0DC205-8A76-4227-82DE-FC5CFAA48FA4}.Debug|iPhone.ActiveCfg = Debug|iPhone
		{4D0DC205-8A76-4227-82DE-FC5CFAA48FA4}.Debug|iPhone.Build.0 = Debug|iPhone
		{4D0DC205-8A76-4227-82DE-FC5CFAA48FA4}.Release|iPhone.ActiveCfg = Release|iPhone
		{4D0DC205-8A76-4227-82DE-FC5CFAA48FA4}.Release|iPhone.Build.0 = Release|iPhone
		{28021675-3863-452B-A095-EF6938B14E73}.Debug|Any CPU.ActiveCfg = Debug|Any CPU
		{28021675-3863-452B-A095-EF6938B14E73}.Debug|Any CPU.Build.0 = Debug|Any CPU
		{28021675-3863-452B-A095-EF6938B14E73}.Release|Any CPU.ActiveCfg = Release|Any CPU
		{28021675-3863-452B-A095-EF6938B14E73}.Release|Any CPU.Build.0 = Release|Any CPU
		{28021675-3863-452B-A095-EF6938B14E73}.Debug|iPhoneSimulator.ActiveCfg = Debug|Any CPU
		{28021675-3863-452B-A095-EF6938B14E73}.Debug|iPhoneSimulator.Build.0 = Debug|Any CPU
		{28021675-3863-452B-A095-EF6938B14E73}.Release|iPhoneSimulator.ActiveCfg = Release|Any CPU
		{28021675-3863-452B-A095-EF6938B14E73}.Release|iPhoneSimulator.Build.0 = Release|Any CPU
		{28021675-3863-452B-A095-EF6938B14E73}.Debug|iPhone.ActiveCfg = Debug|Any CPU
		{28021675-3863-452B-A095-EF6938B14E73}.Debug|iPhone.Build.0 = Debug|Any CPU
		{28021675-3863-452B-A095-EF6938B14E73}.Release|iPhone.ActiveCfg = Release|Any CPU
		{28021675-3863-452B-A095-EF6938B14E73}.Release|iPhone.Build.0 = Release|Any CPU
	EndGlobalSection
EndGlobal
